{
  "version": 4,
  "terraform_version": "0.14.9",
  "serial": 12,
  "lineage": "5a715a53-b0d7-557d-0261-6abab4a0ce29",
  "outputs": {
    "tls_private_key": {
      "value": "-----BEGIN RSA PRIVATE KEY-----\nMIIJKQIBAAKCAgEAwmtMomi6KqZdFTl8ZoU148M8E+NS37KlrIKua7ikZGTKJJUd\nAotmZtLTvKjLJKzhKPoWAKmqk2sPdl6D0ngP5V3pUFbZK7Oha4HazKzDHre0l0Y8\n2DsQG97RBkSe2ZXWko92SgQr48V78iFVqcW3Z8IVpFErBIJHlCTkvm2SAGw1KmVG\nr02X5AdkJDcyACJG7aDB2gaixs8pr17P7bKOHvAH/BAdZVJpkFGLE/me2uhDtGh8\nKpeDj0zTKAH4lxquizQQ9IIcx/IltYsPQg+CljHx01QtVG+MovQKC++ZlefRx30I\nIRV+XKblaVdZT2XMMG85PB7uYjprXm2irD1uXYKx6y8wp2AdKI8EIxlXbr+vhHX4\n0gP38Q/QT4ELbdilIoeBsw6x3xjh2Ivf9WntPJJkclT0NRMyUHw0xvC2KOYRBEnt\nyVELDVlO7/K5afVRyYCTvmQreY3OZhGtdNLk+86ZLaCxV7I3kE2ACMA6XnW689ej\nuBW3YJXEyFde8YgmGLf2qne828TKNpqlS6xTRLjUef7O9CyRToasl36g7yZh6HJ9\nr0EQl+VACWDnb+0gk4amClDtGPOAP10mX2i2mCJH4uxJqP49ipAVif7PRmwLDUyl\nHSh/hz1XKESO+/3mInJw44HvmnfBhVdTmZPGKYVYJF7loH0cNwpNGELg2tkCAwEA\nAQKCAgBtbWVR2C5IiSDFLHj3XyzoyF+NNhrUK8ISKe+wU9m7Y/tewcr1Pq7hWvKw\nMjU8rE2C+dfegaCvnseyMRpzIP6Zc9U5UdikP1OwpgMXxnmAVZfAuVjPv9aeSThP\nFdpuz2ZZUYQbvuNRLTtJGjgT+WP0c4oo1UKoJAfTuzxAbn2J3V3DQgOZ8ct3Hi3g\nMGzlJGXVo/DYHXoK+lkVCwFvYVua0DE+T3esKsmd4Deug4ZE4gwRg+m3M1ZqFqyW\nzR01N2Bcm26boIxAget1lhJ9dStkDDJ3Zt6osqxun3r0IuTIOhWZ+abUsDtSPOHM\n+8wZ40sdS8zkKOi1wvnhyUWROnZeEWb0bPvd1hRs79HEFyfNHIq05KDEsppsG1hs\n5PtmpBnn05oKnPeQCStRmQ8SZZqRu34o2UXSI7XEez4qD1ltG3Nq5OsGf/Rk7eDM\npvJPvRsYq5Nrtw5PSjVeEtM38sul6gAdeIKVMPD89pjzErsvzk03z3wTAaV7Mw3S\nK0wSJaYr9k2lcAqyNRLGzkledgB5bbsQqZ1Fkbgl4FWVBVMUWaWslQwnm7GTFTc/\nJwIo28D1RJQYbWrCCV+WKQOJPZNc9M796zczGBRajhTsg7eJvzPqZYpi3SaeknHG\nhnmT6UaNfVSeAOwhoeDjayF6p7qUiv5seZh1yXtQjN/uKtJpsQKCAQEA9AODpBeP\nylIAkB0ScVCBgqB/oBNI3Ioua51DTzItg8XS57iqCY7pD751uiAYJyuvmXsGM0qd\nK+sqhE18wowwfWowZLc5z7UwlCf8FaNw1WDXoRz95XZ3WMb0ZtPXbpkfTj6MFcUu\nXCEDkEriloTa5VjIQWhrD0t/z3gL2Z+0heVHUU38ocCMxNuj/MGj7cN2RX33CWLV\nlTSbvaD2CqVhYiXq7HK8tpPfAfxGUURTaEc8GNIUONC3ZpFGbEu0VLsJmCRKw1Kf\nRoc3D5CSEVU1vABf/kr6WamB5GqFcU3zIqJOsF4NOKTaBU3n2kq/NCsk4sepXVZZ\nDwvMF/g9b9AybQKCAQEAy/ghaC/tJY5lOgVDGsaRtbwRT8DlicpH71KMEgh5dYWR\npFbDx0q/rPbPr7CO5S7HX3k7qmmsDAFyieCatbjJrMd1Lmk8AHxomQBDxFSoj59m\naBmnvHsZEHUBccP9sVWbdgisBJUUOIdljRen51T8sYBkyEqfCdGUXDhPW2mhAQBz\ne+0W7N2/4d4R6XHxd3Xx0OFcFRctnBcc1z+ogwVq/dSGh8QHXoqHFHtQpQOWPDqZ\noky2WkUKP/on+9QfOh8PCN2q7LXI7DtdH/xsrT7lwgagcV+YU//kfEgmCkudl1Mv\n8cd410IPElILNiRbsbELTOxw0V/6v7+idZKX//TmnQKCAQEAx3A73xl25/lABooM\ncdtIDzkZNv+sFL1IFaLyyb8MXmCI8eYH7EoHCVw1IsxqkVFuc7aOqct5TNUn6fzf\nVK96TndFWHw9XxwLuXw42IK+jVhaxY9JoYvDHid2yLiqovW6FZyfqIeCTcCaBgx+\nyGGL+9olyvgKUPT3YN4QaW3UAYAVW0mvi5EyPQ/8J3EpiAKzHzdGe0Bxq0LVbBcs\nIiVrw+mT6nAY9+1CX4APBQsgVOGsJ+lEp+9HhyiD862olXxN6jD3fk+AaQfJJAqY\nqFwJ0EBKNTCZEEGwLb42lRYN/CfGwvYMPljW7XDwaIWhY4VD36srLWOO5PJSfODj\nbgkvvQKCAQBZgYZvaPChFW6YWmzLGC4i2Oej3tsbbzfH7qpm028xQi7aNfTtxIB+\nT0RuLYVXTwLQg6vKKVsFXbE8jeJ2MiPV/SUP+8AH2pAv6+zQ//GELQfMUM3JqR8j\nmKTMnpv6ML3quv15eU4JTGkk1CerHSFSZyxStGQ788st+MviKmUrwl3rGOyBfwHQ\nBRpJHeY/bPNznSFCZAxwvbe7QUUaUctUnel3NG+jbhi+xSprbzqDLZfzn8Q5sqg/\n0O+w07HsWGrJkjSKcW89MwO3oJa0I7DBRxUrCy8WVWmXnDWNOQdru2aDq+v8UhG5\nEWW4GZZfUHjMBcmwJ3UqpdaNz4mCGZ8FAoIBAQCfyAX02GFBYxO8nSzvbdq6eque\nRojUoLuK+yeT+8Vo9ohTA68JUmr/iOxJEhGE38EdpnyElPbTZcnXJKkbjq+E0K7R\nrnP99Nh1dIzt10cnmCo0L0UFfv8F4w76UeboTX5oxMpe5k+1OyNpXjwlIcjidxbj\nNsqdLtstwt+o8tVaMsCVosPmXoBRjaiirI5slmD9QZ/BYOEgs0RKeR5x9gXGIkcA\nt0f96F8euUPnkyiYuPcC9KARaa1Ljl1oVXnBp/wTu4EWXmhLUpjiChXuDoSyvWYC\n+oGSpA0PDYuniFUZ7LHMOdhkQSJZrt80K55yCxHXcVTK7MBsoVoPUHNLs8mt\n-----END RSA PRIVATE KEY-----\n",
      "type": "string"
    }
  },
  "resources": [
    {
      "mode": "managed",
      "type": "azurerm_linux_virtual_machine",
      "name": "myterraformvm",
      "provider": "provider[\"registry.terraform.io/hashicorp/azurerm\"]",
      "instances": [
        {
          "schema_version": 0,
          "attributes": {
            "additional_capabilities": [],
            "admin_password": null,
            "admin_ssh_key": [
              {
                "public_key": "ssh-rsa AAAAB3NzaC1yc2EAAAADAQABAAACAQDCa0yiaLoqpl0VOXxmhTXjwzwT41LfsqWsgq5ruKRkZMoklR0Ci2Zm0tO8qMskrOEo+hYAqaqTaw92XoPSeA/lXelQVtkrs6FrgdrMrMMet7SXRjzYOxAb3tEGRJ7ZldaSj3ZKBCvjxXvyIVWpxbdnwhWkUSsEgkeUJOS+bZIAbDUqZUavTZfkB2QkNzIAIkbtoMHaBqLGzymvXs/tso4e8Af8EB1lUmmQUYsT+Z7a6EO0aHwql4OPTNMoAfiXGq6LNBD0ghzH8iW1iw9CD4KWMfHTVC1Ub4yi9AoL75mV59HHfQghFX5cpuVpV1lPZcwwbzk8Hu5iOmtebaKsPW5dgrHrLzCnYB0ojwQjGVduv6+EdfjSA/fxD9BPgQtt2KUih4GzDrHfGOHYi9/1ae08kmRyVPQ1EzJQfDTG8LYo5hEESe3JUQsNWU7v8rlp9VHJgJO+ZCt5jc5mEa100uT7zpktoLFXsjeQTYAIwDpedbrz16O4FbdglcTIV17xiCYYt/aqd7zbxMo2mqVLrFNEuNR5/s70LJFOhqyXfqDvJmHocn2vQRCX5UAJYOdv7SCThqYKUO0Y84A/XSZfaLaYIkfi7Emo/j2KkBWJ/s9GbAsNTKUdKH+HPVcoRI77/eYicnDjge+ad8GFV1OZk8YphVgkXuWgfRw3Ck0YQuDa2Q==\n",
                "username": "azureuser"
              }
            ],
            "admin_username": "azureuser",
            "allow_extension_operations": true,
            "availability_set_id": "",
            "boot_diagnostics": [
              {
                "storage_account_uri": "https://diag3399044f9c0c62aa.blob.core.windows.net/"
              }
            ],
            "computer_name": "myvm",
            "custom_data": null,
            "dedicated_host_id": "",
            "disable_password_authentication": true,
            "encryption_at_host_enabled": false,
            "eviction_policy": "",
            "extensions_time_budget": "PT1H30M",
            "id": "/subscriptions/d37c8b8a-f3ac-45c2-aa28-36aa9a1cf983/resourceGroups/myResourceGroup/providers/Microsoft.Compute/virtualMachines/myVM",
            "identity": [],
            "license_type": "",
            "location": "francecentral",
            "max_bid_price": -1,
            "name": "myVM",
            "network_interface_ids": [
              "/subscriptions/d37c8b8a-f3ac-45c2-aa28-36aa9a1cf983/resourceGroups/myResourceGroup/providers/Microsoft.Network/networkInterfaces/myNIC"
            ],
            "os_disk": [
              {
                "caching": "ReadWrite",
                "diff_disk_settings": [],
                "disk_encryption_set_id": "",
                "disk_size_gb": 30,
                "name": "myOsDisk",
                "storage_account_type": "Premium_LRS",
                "write_accelerator_enabled": false
              }
            ],
            "plan": [],
            "platform_fault_domain": -1,
            "priority": "Regular",
            "private_ip_address": "10.0.1.4",
            "private_ip_addresses": [
              "10.0.1.4"
            ],
            "provision_vm_agent": true,
            "proximity_placement_group_id": "",
            "public_ip_address": "20.43.58.73",
            "public_ip_addresses": [
              "20.43.58.73"
            ],
            "resource_group_name": "myResourceGroup",
            "secret": [],
            "size": "Standard_DS1_v2",
            "source_image_id": "",
            "source_image_reference": [
              {
                "offer": "UbuntuServer",
                "publisher": "Canonical",
                "sku": "18.04-LTS",
                "version": "latest"
              }
            ],
            "tags": {
              "environment": "Terraform Demo"
            },
            "timeouts": null,
            "virtual_machine_id": "eebb440c-78c2-4b05-8f8b-1755b52450a3",
            "virtual_machine_scale_set_id": "",
            "zone": ""
          },
          "sensitive_attributes": [],
          "private": "eyJlMmJmYjczMC1lY2FhLTExZTYtOGY4OC0zNDM2M2JjN2M0YzAiOnsiY3JlYXRlIjoyNzAwMDAwMDAwMDAwLCJkZWxldGUiOjI3MDAwMDAwMDAwMDAsInJlYWQiOjMwMDAwMDAwMDAwMCwidXBkYXRlIjoyNzAwMDAwMDAwMDAwfX0=",
          "dependencies": [
            "azurerm_network_interface.myterraformnic",
            "azurerm_public_ip.myterraformpublicip",
            "azurerm_resource_group.myterraformgroup",
            "azurerm_storage_account.mystorageaccount",
            "azurerm_subnet.myterraformsubnet",
            "azurerm_virtual_network.myterraformnetwork",
            "random_id.randomId",
            "tls_private_key.example_ssh"
          ]
        }
      ]
    },
    {
      "mode": "managed",
      "type": "azurerm_network_interface",
      "name": "myterraformnic",
      "provider": "provider[\"registry.terraform.io/hashicorp/azurerm\"]",
      "instances": [
        {
          "schema_version": 0,
          "attributes": {
            "applied_dns_servers": [],
            "dns_servers": [],
            "enable_accelerated_networking": false,
            "enable_ip_forwarding": false,
            "id": "/subscriptions/d37c8b8a-f3ac-45c2-aa28-36aa9a1cf983/resourceGroups/myResourceGroup/providers/Microsoft.Network/networkInterfaces/myNIC",
            "internal_dns_name_label": "",
            "internal_domain_name_suffix": "iips25jqy5guviwnfvhoit4vve.parx.internal.cloudapp.net",
            "ip_configuration": [
              {
                "name": "myNicConfiguration",
                "primary": true,
                "private_ip_address": "10.0.1.4",
                "private_ip_address_allocation": "Dynamic",
                "private_ip_address_version": "IPv4",
                "public_ip_address_id": "/subscriptions/d37c8b8a-f3ac-45c2-aa28-36aa9a1cf983/resourceGroups/myResourceGroup/providers/Microsoft.Network/publicIPAddresses/myPublicIP",
                "subnet_id": "/subscriptions/d37c8b8a-f3ac-45c2-aa28-36aa9a1cf983/resourceGroups/myResourceGroup/providers/Microsoft.Network/virtualNetworks/myVnet/subnets/mySubnet"
              }
            ],
            "location": "francecentral",
            "mac_address": "",
            "name": "myNIC",
            "private_ip_address": "10.0.1.4",
            "private_ip_addresses": [
              "10.0.1.4"
            ],
            "resource_group_name": "myResourceGroup",
            "tags": {
              "environment": "Terraform Demo"
            },
            "timeouts": null,
            "virtual_machine_id": ""
          },
          "sensitive_attributes": [],
          "private": "eyJlMmJmYjczMC1lY2FhLTExZTYtOGY4OC0zNDM2M2JjN2M0YzAiOnsiY3JlYXRlIjoxODAwMDAwMDAwMDAwLCJkZWxldGUiOjE4MDAwMDAwMDAwMDAsInJlYWQiOjMwMDAwMDAwMDAwMCwidXBkYXRlIjoxODAwMDAwMDAwMDAwfX0=",
          "dependencies": [
            "azurerm_public_ip.myterraformpublicip",
            "azurerm_resource_group.myterraformgroup",
            "azurerm_subnet.myterraformsubnet",
            "azurerm_virtual_network.myterraformnetwork"
          ]
        }
      ]
    },
    {
      "mode": "managed",
      "type": "azurerm_network_interface_security_group_association",
      "name": "example",
      "provider": "provider[\"registry.terraform.io/hashicorp/azurerm\"]",
      "instances": [
        {
          "schema_version": 0,
          "attributes": {
            "id": "/subscriptions/d37c8b8a-f3ac-45c2-aa28-36aa9a1cf983/resourceGroups/myResourceGroup/providers/Microsoft.Network/networkInterfaces/myNIC|/subscriptions/d37c8b8a-f3ac-45c2-aa28-36aa9a1cf983/resourceGroups/myResourceGroup/providers/Microsoft.Network/networkSecurityGroups/myNetworkSecurityGroup",
            "network_interface_id": "/subscriptions/d37c8b8a-f3ac-45c2-aa28-36aa9a1cf983/resourceGroups/myResourceGroup/providers/Microsoft.Network/networkInterfaces/myNIC",
            "network_security_group_id": "/subscriptions/d37c8b8a-f3ac-45c2-aa28-36aa9a1cf983/resourceGroups/myResourceGroup/providers/Microsoft.Network/networkSecurityGroups/myNetworkSecurityGroup",
            "timeouts": null
          },
          "sensitive_attributes": [],
          "private": "eyJlMmJmYjczMC1lY2FhLTExZTYtOGY4OC0zNDM2M2JjN2M0YzAiOnsiY3JlYXRlIjoxODAwMDAwMDAwMDAwLCJkZWxldGUiOjE4MDAwMDAwMDAwMDAsInJlYWQiOjMwMDAwMDAwMDAwMCwidXBkYXRlIjoxODAwMDAwMDAwMDAwfX0=",
          "dependencies": [
            "azurerm_network_interface.myterraformnic",
            "azurerm_network_security_group.myterraformnsg",
            "azurerm_public_ip.myterraformpublicip",
            "azurerm_resource_group.myterraformgroup",
            "azurerm_subnet.myterraformsubnet",
            "azurerm_virtual_network.myterraformnetwork"
          ]
        }
      ]
    },
    {
      "mode": "managed",
      "type": "azurerm_network_security_group",
      "name": "myterraformnsg",
      "provider": "provider[\"registry.terraform.io/hashicorp/azurerm\"]",
      "instances": [
        {
          "schema_version": 0,
          "attributes": {
            "id": "/subscriptions/d37c8b8a-f3ac-45c2-aa28-36aa9a1cf983/resourceGroups/myResourceGroup/providers/Microsoft.Network/networkSecurityGroups/myNetworkSecurityGroup",
            "location": "francecentral",
            "name": "myNetworkSecurityGroup",
            "resource_group_name": "myResourceGroup",
            "security_rule": [
              {
                "access": "Allow",
                "description": "",
                "destination_address_prefix": "*",
                "destination_address_prefixes": [],
                "destination_application_security_group_ids": [],
                "destination_port_range": "22",
                "destination_port_ranges": [],
                "direction": "Inbound",
                "name": "SSH",
                "priority": 1001,
                "protocol": "Tcp",
                "source_address_prefix": "*",
                "source_address_prefixes": [],
                "source_application_security_group_ids": [],
                "source_port_range": "*",
                "source_port_ranges": []
              }
            ],
            "tags": {
              "environment": "Terraform Demo"
            },
            "timeouts": null
          },
          "sensitive_attributes": [],
          "private": "eyJlMmJmYjczMC1lY2FhLTExZTYtOGY4OC0zNDM2M2JjN2M0YzAiOnsiY3JlYXRlIjoxODAwMDAwMDAwMDAwLCJkZWxldGUiOjE4MDAwMDAwMDAwMDAsInJlYWQiOjMwMDAwMDAwMDAwMCwidXBkYXRlIjoxODAwMDAwMDAwMDAwfX0=",
          "dependencies": [
            "azurerm_resource_group.myterraformgroup"
          ]
        }
      ]
    },
    {
      "mode": "managed",
      "type": "azurerm_public_ip",
      "name": "myterraformpublicip",
      "provider": "provider[\"registry.terraform.io/hashicorp/azurerm\"]",
      "instances": [
        {
          "schema_version": 0,
          "attributes": {
            "allocation_method": "Dynamic",
            "domain_name_label": null,
            "fqdn": null,
            "id": "/subscriptions/d37c8b8a-f3ac-45c2-aa28-36aa9a1cf983/resourceGroups/myResourceGroup/providers/Microsoft.Network/publicIPAddresses/myPublicIP",
            "idle_timeout_in_minutes": 4,
            "ip_address": "",
            "ip_version": "IPv4",
            "location": "francecentral",
            "name": "myPublicIP",
            "public_ip_prefix_id": null,
            "resource_group_name": "myResourceGroup",
            "reverse_fqdn": null,
            "sku": "Basic",
            "tags": {
              "environment": "Terraform Demo"
            },
            "timeouts": null,
            "zones": null
          },
          "sensitive_attributes": [],
          "private": "eyJlMmJmYjczMC1lY2FhLTExZTYtOGY4OC0zNDM2M2JjN2M0YzAiOnsiY3JlYXRlIjoxODAwMDAwMDAwMDAwLCJkZWxldGUiOjE4MDAwMDAwMDAwMDAsInJlYWQiOjMwMDAwMDAwMDAwMCwidXBkYXRlIjoxODAwMDAwMDAwMDAwfX0=",
          "dependencies": [
            "azurerm_resource_group.myterraformgroup"
          ]
        }
      ]
    },
    {
      "mode": "managed",
      "type": "azurerm_resource_group",
      "name": "myterraformgroup",
      "provider": "provider[\"registry.terraform.io/hashicorp/azurerm\"]",
      "instances": [
        {
          "schema_version": 0,
          "attributes": {
            "id": "/subscriptions/d37c8b8a-f3ac-45c2-aa28-36aa9a1cf983/resourceGroups/myResourceGroup",
            "location": "francecentral",
            "name": "myResourceGroup",
            "tags": {
              "environment": "Terraform Demo"
            },
            "timeouts": null
          },
          "sensitive_attributes": [],
          "private": "eyJlMmJmYjczMC1lY2FhLTExZTYtOGY4OC0zNDM2M2JjN2M0YzAiOnsiY3JlYXRlIjo1NDAwMDAwMDAwMDAwLCJkZWxldGUiOjU0MDAwMDAwMDAwMDAsInJlYWQiOjMwMDAwMDAwMDAwMCwidXBkYXRlIjo1NDAwMDAwMDAwMDAwfX0="
        }
      ]
    },
    {
      "mode": "managed",
      "type": "azurerm_storage_account",
      "name": "mystorageaccount",
      "provider": "provider[\"registry.terraform.io/hashicorp/azurerm\"]",
      "instances": [
        {
          "schema_version": 2,
          "attributes": {
            "access_tier": "Hot",
            "account_kind": "StorageV2",
            "account_replication_type": "LRS",
            "account_tier": "Standard",
            "allow_blob_public_access": false,
            "blob_properties": [],
            "custom_domain": [],
            "enable_https_traffic_only": true,
            "id": "/subscriptions/d37c8b8a-f3ac-45c2-aa28-36aa9a1cf983/resourceGroups/myResourceGroup/providers/Microsoft.Storage/storageAccounts/diag3399044f9c0c62aa",
            "identity": [],
            "is_hns_enabled": false,
            "large_file_share_enabled": null,
            "location": "francecentral",
            "min_tls_version": "TLS1_0",
            "name": "diag3399044f9c0c62aa",
            "network_rules": [
              {
                "bypass": [
                  "AzureServices"
                ],
                "default_action": "Allow",
                "ip_rules": [],
                "virtual_network_subnet_ids": []
              }
            ],
            "primary_access_key": "m0LnsgWZRoS7tITL3SJolGPM6D4ngPN9oWAgNWptxfMIre+/mbtzVNn4wX7UbcemZvpEcewp67oqjvUL2yBpxA==",
            "primary_blob_connection_string": "DefaultEndpointsProtocol=https;BlobEndpoint=https://diag3399044f9c0c62aa.blob.core.windows.net/;AccountName=diag3399044f9c0c62aa;AccountKey=m0LnsgWZRoS7tITL3SJolGPM6D4ngPN9oWAgNWptxfMIre+/mbtzVNn4wX7UbcemZvpEcewp67oqjvUL2yBpxA==",
            "primary_blob_endpoint": "https://diag3399044f9c0c62aa.blob.core.windows.net/",
            "primary_blob_host": "diag3399044f9c0c62aa.blob.core.windows.net",
            "primary_connection_string": "DefaultEndpointsProtocol=https;AccountName=diag3399044f9c0c62aa;AccountKey=m0LnsgWZRoS7tITL3SJolGPM6D4ngPN9oWAgNWptxfMIre+/mbtzVNn4wX7UbcemZvpEcewp67oqjvUL2yBpxA==;EndpointSuffix=core.windows.net",
            "primary_dfs_endpoint": "https://diag3399044f9c0c62aa.dfs.core.windows.net/",
            "primary_dfs_host": "diag3399044f9c0c62aa.dfs.core.windows.net",
            "primary_file_endpoint": "https://diag3399044f9c0c62aa.file.core.windows.net/",
            "primary_file_host": "diag3399044f9c0c62aa.file.core.windows.net",
            "primary_location": "francecentral",
            "primary_queue_endpoint": "https://diag3399044f9c0c62aa.queue.core.windows.net/",
            "primary_queue_host": "diag3399044f9c0c62aa.queue.core.windows.net",
            "primary_table_endpoint": "https://diag3399044f9c0c62aa.table.core.windows.net/",
            "primary_table_host": "diag3399044f9c0c62aa.table.core.windows.net",
            "primary_web_endpoint": "https://diag3399044f9c0c62aa.z28.web.core.windows.net/",
            "primary_web_host": "diag3399044f9c0c62aa.z28.web.core.windows.net",
            "queue_properties": [
              {
                "cors_rule": [],
                "hour_metrics": [
                  {
                    "enabled": true,
                    "include_apis": true,
                    "retention_policy_days": 7,
                    "version": "1.0"
                  }
                ],
                "logging": [
                  {
                    "delete": false,
                    "read": false,
                    "retention_policy_days": 0,
                    "version": "1.0",
                    "write": false
                  }
                ],
                "minute_metrics": [
                  {
                    "enabled": false,
                    "include_apis": false,
                    "retention_policy_days": 0,
                    "version": "1.0"
                  }
                ]
              }
            ],
            "resource_group_name": "myResourceGroup",
            "secondary_access_key": "oULW2xVp1E7d+xhQ1KbX7q1hx0/dMR2bZHSfepWdKprKwt4hzsYSpjIkXZPz+mFD6QAbCXdmcCTKSqGxiZXdIQ==",
            "secondary_blob_connection_string": "",
            "secondary_blob_endpoint": null,
            "secondary_blob_host": null,
            "secondary_connection_string": "DefaultEndpointsProtocol=https;AccountName=diag3399044f9c0c62aa;AccountKey=oULW2xVp1E7d+xhQ1KbX7q1hx0/dMR2bZHSfepWdKprKwt4hzsYSpjIkXZPz+mFD6QAbCXdmcCTKSqGxiZXdIQ==;EndpointSuffix=core.windows.net",
            "secondary_dfs_endpoint": null,
            "secondary_dfs_host": null,
            "secondary_file_endpoint": null,
            "secondary_file_host": null,
            "secondary_location": "",
            "secondary_queue_endpoint": null,
            "secondary_queue_host": null,
            "secondary_table_endpoint": null,
            "secondary_table_host": null,
            "secondary_web_endpoint": null,
            "secondary_web_host": null,
            "static_website": [],
            "tags": {
              "environment": "Terraform Demo"
            },
            "timeouts": null
          },
          "sensitive_attributes": [],
          "private": "eyJlMmJmYjczMC1lY2FhLTExZTYtOGY4OC0zNDM2M2JjN2M0YzAiOnsiY3JlYXRlIjozNjAwMDAwMDAwMDAwLCJkZWxldGUiOjM2MDAwMDAwMDAwMDAsInJlYWQiOjMwMDAwMDAwMDAwMCwidXBkYXRlIjozNjAwMDAwMDAwMDAwfSwic2NoZW1hX3ZlcnNpb24iOiIyIn0=",
          "dependencies": [
            "azurerm_resource_group.myterraformgroup",
            "random_id.randomId"
          ]
        }
      ]
    },
    {
      "mode": "managed",
      "type": "azurerm_subnet",
      "name": "myterraformsubnet",
      "provider": "provider[\"registry.terraform.io/hashicorp/azurerm\"]",
      "instances": [
        {
          "schema_version": 0,
          "attributes": {
            "address_prefix": "10.0.1.0/24",
            "address_prefixes": [
              "10.0.1.0/24"
            ],
            "delegation": [],
            "enforce_private_link_endpoint_network_policies": false,
            "enforce_private_link_service_network_policies": false,
            "id": "/subscriptions/d37c8b8a-f3ac-45c2-aa28-36aa9a1cf983/resourceGroups/myResourceGroup/providers/Microsoft.Network/virtualNetworks/myVnet/subnets/mySubnet",
            "name": "mySubnet",
            "resource_group_name": "myResourceGroup",
            "service_endpoint_policy_ids": null,
            "service_endpoints": null,
            "timeouts": null,
            "virtual_network_name": "myVnet"
          },
          "sensitive_attributes": [],
          "private": "eyJlMmJmYjczMC1lY2FhLTExZTYtOGY4OC0zNDM2M2JjN2M0YzAiOnsiY3JlYXRlIjoxODAwMDAwMDAwMDAwLCJkZWxldGUiOjE4MDAwMDAwMDAwMDAsInJlYWQiOjMwMDAwMDAwMDAwMCwidXBkYXRlIjoxODAwMDAwMDAwMDAwfX0=",
          "dependencies": [
            "azurerm_resource_group.myterraformgroup",
            "azurerm_virtual_network.myterraformnetwork"
          ]
        }
      ]
    },
    {
      "mode": "managed",
      "type": "azurerm_virtual_network",
      "name": "myterraformnetwork",
      "provider": "provider[\"registry.terraform.io/hashicorp/azurerm\"]",
      "instances": [
        {
          "schema_version": 0,
          "attributes": {
            "address_space": [
              "10.0.0.0/16"
            ],
            "bgp_community": "",
            "ddos_protection_plan": [],
            "dns_servers": null,
            "guid": "7d2e1f42-c730-4acd-a2cd-2d4ee44fd5ac",
            "id": "/subscriptions/d37c8b8a-f3ac-45c2-aa28-36aa9a1cf983/resourceGroups/myResourceGroup/providers/Microsoft.Network/virtualNetworks/myVnet",
            "location": "francecentral",
            "name": "myVnet",
            "resource_group_name": "myResourceGroup",
            "subnet": [],
            "tags": {
              "environment": "Terraform Demo"
            },
            "timeouts": null,
            "vm_protection_enabled": false
          },
          "sensitive_attributes": [],
          "private": "eyJlMmJmYjczMC1lY2FhLTExZTYtOGY4OC0zNDM2M2JjN2M0YzAiOnsiY3JlYXRlIjoxODAwMDAwMDAwMDAwLCJkZWxldGUiOjE4MDAwMDAwMDAwMDAsInJlYWQiOjMwMDAwMDAwMDAwMCwidXBkYXRlIjoxODAwMDAwMDAwMDAwfX0=",
          "dependencies": [
            "azurerm_resource_group.myterraformgroup"
          ]
        }
      ]
    },
    {
      "mode": "managed",
      "type": "random_id",
      "name": "randomId",
      "provider": "provider[\"registry.terraform.io/hashicorp/random\"]",
      "instances": [
        {
          "schema_version": 0,
          "attributes": {
            "b64_std": "M5kET5wMYqo=",
            "b64_url": "M5kET5wMYqo",
            "byte_length": 8,
            "dec": "3718007707338039978",
            "hex": "3399044f9c0c62aa",
            "id": "M5kET5wMYqo",
            "keepers": {
              "resource_group": "myResourceGroup"
            },
            "prefix": null
          },
          "sensitive_attributes": [],
          "private": "bnVsbA==",
          "dependencies": [
            "azurerm_resource_group.myterraformgroup"
          ]
        }
      ]
    },
    {
      "mode": "managed",
      "type": "tls_private_key",
      "name": "example_ssh",
      "provider": "provider[\"registry.terraform.io/hashicorp/tls\"]",
      "instances": [
        {
          "schema_version": 0,
          "attributes": {
            "algorithm": "RSA",
            "ecdsa_curve": "P224",
            "id": "0b8b3aea30e992819b40a3eafd062a97b125fac8",
            "private_key_pem": "-----BEGIN RSA PRIVATE KEY-----\nMIIJKQIBAAKCAgEAwmtMomi6KqZdFTl8ZoU148M8E+NS37KlrIKua7ikZGTKJJUd\nAotmZtLTvKjLJKzhKPoWAKmqk2sPdl6D0ngP5V3pUFbZK7Oha4HazKzDHre0l0Y8\n2DsQG97RBkSe2ZXWko92SgQr48V78iFVqcW3Z8IVpFErBIJHlCTkvm2SAGw1KmVG\nr02X5AdkJDcyACJG7aDB2gaixs8pr17P7bKOHvAH/BAdZVJpkFGLE/me2uhDtGh8\nKpeDj0zTKAH4lxquizQQ9IIcx/IltYsPQg+CljHx01QtVG+MovQKC++ZlefRx30I\nIRV+XKblaVdZT2XMMG85PB7uYjprXm2irD1uXYKx6y8wp2AdKI8EIxlXbr+vhHX4\n0gP38Q/QT4ELbdilIoeBsw6x3xjh2Ivf9WntPJJkclT0NRMyUHw0xvC2KOYRBEnt\nyVELDVlO7/K5afVRyYCTvmQreY3OZhGtdNLk+86ZLaCxV7I3kE2ACMA6XnW689ej\nuBW3YJXEyFde8YgmGLf2qne828TKNpqlS6xTRLjUef7O9CyRToasl36g7yZh6HJ9\nr0EQl+VACWDnb+0gk4amClDtGPOAP10mX2i2mCJH4uxJqP49ipAVif7PRmwLDUyl\nHSh/hz1XKESO+/3mInJw44HvmnfBhVdTmZPGKYVYJF7loH0cNwpNGELg2tkCAwEA\nAQKCAgBtbWVR2C5IiSDFLHj3XyzoyF+NNhrUK8ISKe+wU9m7Y/tewcr1Pq7hWvKw\nMjU8rE2C+dfegaCvnseyMRpzIP6Zc9U5UdikP1OwpgMXxnmAVZfAuVjPv9aeSThP\nFdpuz2ZZUYQbvuNRLTtJGjgT+WP0c4oo1UKoJAfTuzxAbn2J3V3DQgOZ8ct3Hi3g\nMGzlJGXVo/DYHXoK+lkVCwFvYVua0DE+T3esKsmd4Deug4ZE4gwRg+m3M1ZqFqyW\nzR01N2Bcm26boIxAget1lhJ9dStkDDJ3Zt6osqxun3r0IuTIOhWZ+abUsDtSPOHM\n+8wZ40sdS8zkKOi1wvnhyUWROnZeEWb0bPvd1hRs79HEFyfNHIq05KDEsppsG1hs\n5PtmpBnn05oKnPeQCStRmQ8SZZqRu34o2UXSI7XEez4qD1ltG3Nq5OsGf/Rk7eDM\npvJPvRsYq5Nrtw5PSjVeEtM38sul6gAdeIKVMPD89pjzErsvzk03z3wTAaV7Mw3S\nK0wSJaYr9k2lcAqyNRLGzkledgB5bbsQqZ1Fkbgl4FWVBVMUWaWslQwnm7GTFTc/\nJwIo28D1RJQYbWrCCV+WKQOJPZNc9M796zczGBRajhTsg7eJvzPqZYpi3SaeknHG\nhnmT6UaNfVSeAOwhoeDjayF6p7qUiv5seZh1yXtQjN/uKtJpsQKCAQEA9AODpBeP\nylIAkB0ScVCBgqB/oBNI3Ioua51DTzItg8XS57iqCY7pD751uiAYJyuvmXsGM0qd\nK+sqhE18wowwfWowZLc5z7UwlCf8FaNw1WDXoRz95XZ3WMb0ZtPXbpkfTj6MFcUu\nXCEDkEriloTa5VjIQWhrD0t/z3gL2Z+0heVHUU38ocCMxNuj/MGj7cN2RX33CWLV\nlTSbvaD2CqVhYiXq7HK8tpPfAfxGUURTaEc8GNIUONC3ZpFGbEu0VLsJmCRKw1Kf\nRoc3D5CSEVU1vABf/kr6WamB5GqFcU3zIqJOsF4NOKTaBU3n2kq/NCsk4sepXVZZ\nDwvMF/g9b9AybQKCAQEAy/ghaC/tJY5lOgVDGsaRtbwRT8DlicpH71KMEgh5dYWR\npFbDx0q/rPbPr7CO5S7HX3k7qmmsDAFyieCatbjJrMd1Lmk8AHxomQBDxFSoj59m\naBmnvHsZEHUBccP9sVWbdgisBJUUOIdljRen51T8sYBkyEqfCdGUXDhPW2mhAQBz\ne+0W7N2/4d4R6XHxd3Xx0OFcFRctnBcc1z+ogwVq/dSGh8QHXoqHFHtQpQOWPDqZ\noky2WkUKP/on+9QfOh8PCN2q7LXI7DtdH/xsrT7lwgagcV+YU//kfEgmCkudl1Mv\n8cd410IPElILNiRbsbELTOxw0V/6v7+idZKX//TmnQKCAQEAx3A73xl25/lABooM\ncdtIDzkZNv+sFL1IFaLyyb8MXmCI8eYH7EoHCVw1IsxqkVFuc7aOqct5TNUn6fzf\nVK96TndFWHw9XxwLuXw42IK+jVhaxY9JoYvDHid2yLiqovW6FZyfqIeCTcCaBgx+\nyGGL+9olyvgKUPT3YN4QaW3UAYAVW0mvi5EyPQ/8J3EpiAKzHzdGe0Bxq0LVbBcs\nIiVrw+mT6nAY9+1CX4APBQsgVOGsJ+lEp+9HhyiD862olXxN6jD3fk+AaQfJJAqY\nqFwJ0EBKNTCZEEGwLb42lRYN/CfGwvYMPljW7XDwaIWhY4VD36srLWOO5PJSfODj\nbgkvvQKCAQBZgYZvaPChFW6YWmzLGC4i2Oej3tsbbzfH7qpm028xQi7aNfTtxIB+\nT0RuLYVXTwLQg6vKKVsFXbE8jeJ2MiPV/SUP+8AH2pAv6+zQ//GELQfMUM3JqR8j\nmKTMnpv6ML3quv15eU4JTGkk1CerHSFSZyxStGQ788st+MviKmUrwl3rGOyBfwHQ\nBRpJHeY/bPNznSFCZAxwvbe7QUUaUctUnel3NG+jbhi+xSprbzqDLZfzn8Q5sqg/\n0O+w07HsWGrJkjSKcW89MwO3oJa0I7DBRxUrCy8WVWmXnDWNOQdru2aDq+v8UhG5\nEWW4GZZfUHjMBcmwJ3UqpdaNz4mCGZ8FAoIBAQCfyAX02GFBYxO8nSzvbdq6eque\nRojUoLuK+yeT+8Vo9ohTA68JUmr/iOxJEhGE38EdpnyElPbTZcnXJKkbjq+E0K7R\nrnP99Nh1dIzt10cnmCo0L0UFfv8F4w76UeboTX5oxMpe5k+1OyNpXjwlIcjidxbj\nNsqdLtstwt+o8tVaMsCVosPmXoBRjaiirI5slmD9QZ/BYOEgs0RKeR5x9gXGIkcA\nt0f96F8euUPnkyiYuPcC9KARaa1Ljl1oVXnBp/wTu4EWXmhLUpjiChXuDoSyvWYC\n+oGSpA0PDYuniFUZ7LHMOdhkQSJZrt80K55yCxHXcVTK7MBsoVoPUHNLs8mt\n-----END RSA PRIVATE KEY-----\n",
            "public_key_fingerprint_md5": "14:4c:99:7f:cf:a8:9a:19:88:4e:40:1f:f3:f2:dc:ff",
            "public_key_openssh": "ssh-rsa AAAAB3NzaC1yc2EAAAADAQABAAACAQDCa0yiaLoqpl0VOXxmhTXjwzwT41LfsqWsgq5ruKRkZMoklR0Ci2Zm0tO8qMskrOEo+hYAqaqTaw92XoPSeA/lXelQVtkrs6FrgdrMrMMet7SXRjzYOxAb3tEGRJ7ZldaSj3ZKBCvjxXvyIVWpxbdnwhWkUSsEgkeUJOS+bZIAbDUqZUavTZfkB2QkNzIAIkbtoMHaBqLGzymvXs/tso4e8Af8EB1lUmmQUYsT+Z7a6EO0aHwql4OPTNMoAfiXGq6LNBD0ghzH8iW1iw9CD4KWMfHTVC1Ub4yi9AoL75mV59HHfQghFX5cpuVpV1lPZcwwbzk8Hu5iOmtebaKsPW5dgrHrLzCnYB0ojwQjGVduv6+EdfjSA/fxD9BPgQtt2KUih4GzDrHfGOHYi9/1ae08kmRyVPQ1EzJQfDTG8LYo5hEESe3JUQsNWU7v8rlp9VHJgJO+ZCt5jc5mEa100uT7zpktoLFXsjeQTYAIwDpedbrz16O4FbdglcTIV17xiCYYt/aqd7zbxMo2mqVLrFNEuNR5/s70LJFOhqyXfqDvJmHocn2vQRCX5UAJYOdv7SCThqYKUO0Y84A/XSZfaLaYIkfi7Emo/j2KkBWJ/s9GbAsNTKUdKH+HPVcoRI77/eYicnDjge+ad8GFV1OZk8YphVgkXuWgfRw3Ck0YQuDa2Q==\n",
            "public_key_pem": "-----BEGIN PUBLIC KEY-----\nMIICIjANBgkqhkiG9w0BAQEFAAOCAg8AMIICCgKCAgEAwmtMomi6KqZdFTl8ZoU1\n48M8E+NS37KlrIKua7ikZGTKJJUdAotmZtLTvKjLJKzhKPoWAKmqk2sPdl6D0ngP\n5V3pUFbZK7Oha4HazKzDHre0l0Y82DsQG97RBkSe2ZXWko92SgQr48V78iFVqcW3\nZ8IVpFErBIJHlCTkvm2SAGw1KmVGr02X5AdkJDcyACJG7aDB2gaixs8pr17P7bKO\nHvAH/BAdZVJpkFGLE/me2uhDtGh8KpeDj0zTKAH4lxquizQQ9IIcx/IltYsPQg+C\nljHx01QtVG+MovQKC++ZlefRx30IIRV+XKblaVdZT2XMMG85PB7uYjprXm2irD1u\nXYKx6y8wp2AdKI8EIxlXbr+vhHX40gP38Q/QT4ELbdilIoeBsw6x3xjh2Ivf9Wnt\nPJJkclT0NRMyUHw0xvC2KOYRBEntyVELDVlO7/K5afVRyYCTvmQreY3OZhGtdNLk\n+86ZLaCxV7I3kE2ACMA6XnW689ejuBW3YJXEyFde8YgmGLf2qne828TKNpqlS6xT\nRLjUef7O9CyRToasl36g7yZh6HJ9r0EQl+VACWDnb+0gk4amClDtGPOAP10mX2i2\nmCJH4uxJqP49ipAVif7PRmwLDUylHSh/hz1XKESO+/3mInJw44HvmnfBhVdTmZPG\nKYVYJF7loH0cNwpNGELg2tkCAwEAAQ==\n-----END PUBLIC KEY-----\n",
            "rsa_bits": 4096
          },
          "sensitive_attributes": [],
          "private": "bnVsbA=="
        }
      ]
    }
  ]
}
