{
  "version": 4,
  "terraform_version": "1.0.8",
  "serial": 36,
  "lineage": "5a715a53-b0d7-557d-0261-6abab4a0ce29",
  "outputs": {
    "tls_private_key": {
      "value": "-----BEGIN RSA PRIVATE KEY-----\nMIIJKAIBAAKCAgEAvkYLX0mWCbAj0nDp9tVbvS3Fj7Fv5N8aFE+Le8HVshgBxZKU\n51JK7Fd9tZS3BqNQhw1LIUMOcdw0AJyMy3vTpALzgpV8OAhkKYcR84sXF0wqRCjH\nPurm45ehWHniriZu4pibBiRKIDXNH+fQPY3nVjCoflKT/gvuvHIwifKdMYtYb6bu\nzp105uccRMtyHC7CFWSTl5wLtxlWmFzLrffesP8l3xHeibLO8umeHPlMOObNDcIF\nye4GZ5o07exAmz34BlX5i+X4gTdR8GWMj+HPnGClph1BjIl9dLhq9SCj1J6DlRF6\nikMezBWUv9TjKjPsPETCNk3Jap+yX8TDqX2seS2p6p5gUQS7Eu1Z2FqzTAsAkjtM\nyNzFkDw1swoYKWm+uECzrndzi1s8bKmk1k39aTcDRAdSwXyU2ovNzW9Jp+XWrGCv\nBr2m2pmwdDMV6CZl7FJ4rGws1PhiOEwULHvls/r3vDyTkrfwdEKjdBYSTEvgVb2D\na0FoN5EV6DWQtDtPtbWVSgsYg80ZfCiX6SlJ58HvQX7UyvYka4sVS53LF42bQcXU\nHod+IjTPpkVMOFGOvlH21b8W95R8qklsfsT4GHSVZJfPnyV9MSEEtjRyA1A1tCoc\nIgXuO+ZaTi3LeamVcZfsYhzF6k2ZRw1q7hObMc5q/Pn/Xb/G47moWdUf+V0CAwEA\nAQKCAgB0f3JrDyT8HYpxSI0Xgh6/P40co6k82pSfJuziAxYSCrza+RqOX0ZcWl0v\nljRRriCZ77u2S9ZGRGrajP9vfwtf+iaaJ2h87jZVbsvA78Jdk1a1kLodfbmMU8SH\n5Wiy8/kkaAdSxVlVS1uiU06ewYmIrhYb8feGrkunucqaS5+PPCATjIPeoW14Cry2\nKlJdiwtuCbyMMRDDNJJei0Jx67e/axkG8WvtpzsqY3tZhhHzLO0TpV3h+wiU2kfZ\n/LK52kFHr9Awpcd3ZiWXKLXdSobQ2iPSB0ug/nV/x4JFP4zPm5Y46RC8IshycCw5\nH+FOb6gOZpL6qLnPvKN8G38pATddk/usJUBV+1SKCZrjypB9v0q1Kwm7V5VCbGWe\nqqdovGtXQlTqNcS/9GfwBUkUM5g2WL6j0jpheRA5X2JYsHdF6RGrHl0xi2hRNU3F\nUnaEh1KuUXsuMeGgJABey4YSvb50638f5urUjxL6oIE+yzBZpF08rbnXwdwo0YiB\nAitRkW29qNqD0u911gUwYm9rFWPvMS11iUWPkw3ED+rlosP+WivrqpfrkqJYgUf5\nN0fPPSlzwCTT74TYWEnIAbPU0Kr72R3esbv3hYlJoY8jkkW1IVHC8xwXQ+OQ9+qQ\nRP2jTquWjZXjQ0CWBIYcG42yyK8bn+Fxllwta/1PmY/eUocLAQKCAQEA5D8/dE3f\nAtbTWctOSqvV5ZwTFLGlWNUZLHNcQy+PwV78kIXZmWmNXZ7DSMJEusWcJz26raJ/\nRo6z+hSk/PX8D4XpoHFAmPgEQwqBPYp0HOrKXAfQEuHEKCzEDqv3wOsN5uHeqxvW\n13teEJRaK/zi+v3bdM59/64NAbkukQyEXVLS8YSPsV4a7S4WQz0ogccWFUvLraE2\nLuhnfg2QJlsZ757FBM1bQc58/0wHkmm4dEy42U35Oc6aHkJ1DmI4se45n/3YNa+h\nkvWlqeLGrL1nF1jcrB2jRDKC1AuJy/iQdus5t4zAmTyA9oSsLFWvq50Z3otnQ/Y3\ng+MCPqcbbYTlfQKCAQEA1WjHgr/oNB+mNyGwcpWG9wH88EgiPmhEUWh3AarB4LH8\nI9u7QQlHhKDI+giyvwuWst+6knfmhcmaQ9BNxs9McVMEnepZ2NOoe22zKJxKNh6t\nad6IiR49hqu4OYxNQYLHZQVE0gCMQf8MMfUtgrwTHnCGpGHz+6nkpqc2pWuTMo0t\n9KQMX8FfISdkXfyqMSG9HHlcbusgJlMhJTDvwiYD1IHXUeDddu0+D6caDXXIWLel\n8PST3TSdIEOFTTyVFHTIFD1c/vOXVMrYZs7PomQPt6NvBaZV0sz0uhbgw0VnHBZM\nfSNCRHDDolzPB9x8apvnooRA5dxqNFGkrKgawFQpYQKCAQEAtHpihWdxuL//fNgq\nfxbi2l0QJWPWt6hA8IoDYUjBZgjisrB0AD+bPXTlO6oJSJoqwEiqTNPZygPawhsC\n3tbuyaN8uZXzm0E5tX0f9nZ9G8R34E95MwT74zyKhoNqM0xpwK/HLwujVN3C4l87\n8d5T6F1E41bIAJ0ywbMY5C6+l0B/deP47ynXJsYzalV4qy2uA4bcdd2sh2jTNLQq\n0Hlmx7eGWCa9SwqoggIvVpFr/eIQpBtov1HjQZwRDR+TbvZM8Hp7NPA8VYURyoR7\nzmkxlB961knVKH68PkklW3ifWrji+YU9Ya2a19LOhXv3nT5rDzKxo+aTvSCKTNo7\n8NyNzQKCAQBTz6Sa+tcssUlL2ZU8SvEITOWTUCDytWwvNIGYTAF8RyoowwDVV9mY\ngrSrTYM1eE2kziytnR0Rac2F2GbTL1JsJxhnFERY3TcL0ldMGaUjgATG0Th58UBk\nhUgCgdFNaxj32YvflYt/17RoYkuPTmGL0NFv+XAiY+SCdqUFbiwO7Fch/tNFP+Im\nWRwXtUT5qrBkYF0mynyD0J3xxzhB3UAf0yZG57LSI/X9m7illJ4sCWPIL6VqeGFE\n7H+Lh8FcmUiCel7tWakTCd7W8V2l/voVOsA9Tcfi089Azf9TcQw/gZpkgtZhno+W\nUjCUe8j47WWY86uxGlEzXuT3UcW/xs3BAoIBAHIyOQ3WejII0sAIfvB3UQ5vx628\n8pokSYy/JvmglApIcEUP1eD1GjSXObUXnE92Rdtwki2pvFUVGmxXjkpMEZ7/Awzk\nNwt9je+NlCu9r8v+tuZ0axvqXOWCWxxTKhyIcag6q194mUpiIjFrUAZ7bxQ633ac\nK9fouuAEeOoZ3pasNeLRmhrU9S+DOeZmTTCsNQm1RQ5f9SWHuJ7/8SqlA1jG/8YT\nycf+nS0FO17hY+5i4YFIjlGgE5HBxmwhNaad4B1sEJ6TFdTnbWQPVhcAxH9MZnQb\nBQ8I3Eido2fderK/IbjdaXZ6SrzJLiQqT2ew58/GdtNNjs9n++cj2CM4PNg=\n-----END RSA PRIVATE KEY-----\n",
      "type": "string",
      "sensitive": true
    }
  },
  "resources": [
    {
      "mode": "managed",
      "type": "azurerm_linux_virtual_machine",
      "name": "myterraformvm",
      "provider": "provider[\"registry.terraform.io/hashicorp/azurerm\"]",
      "instances": [
        {
          "schema_version": 0,
          "attributes": {
            "additional_capabilities": [],
            "admin_password": null,
            "admin_ssh_key": [
              {
                "public_key": "ssh-rsa AAAAB3NzaC1yc2EAAAADAQABAAACAQC+RgtfSZYJsCPScOn21Vu9LcWPsW/k3xoUT4t7wdWyGAHFkpTnUkrsV321lLcGo1CHDUshQw5x3DQAnIzLe9OkAvOClXw4CGQphxHzixcXTCpEKMc+6ubjl6FYeeKuJm7imJsGJEogNc0f59A9jedWMKh+UpP+C+68cjCJ8p0xi1hvpu7OnXTm5xxEy3IcLsIVZJOXnAu3GVaYXMut996w/yXfEd6Jss7y6Z4c+Uw45s0NwgXJ7gZnmjTt7ECbPfgGVfmL5fiBN1HwZYyP4c+cYKWmHUGMiX10uGr1IKPUnoOVEXqKQx7MFZS/1OMqM+w8RMI2Tclqn7JfxMOpfax5LanqnmBRBLsS7VnYWrNMCwCSO0zI3MWQPDWzChgpab64QLOud3OLWzxsqaTWTf1pNwNEB1LBfJTai83Nb0mn5dasYK8GvabambB0MxXoJmXsUnisbCzU+GI4TBQse+Wz+ve8PJOSt/B0QqN0FhJMS+BVvYNrQWg3kRXoNZC0O0+1tZVKCxiDzRl8KJfpKUnnwe9BftTK9iRrixVLncsXjZtBxdQeh34iNM+mRUw4UY6+UfbVvxb3lHyqSWx+xPgYdJVkl8+fJX0xIQS2NHIDUDW0KhwiBe475lpOLct5qZVxl+xiHMXqTZlHDWruE5sxzmr8+f9dv8bjuahZ1R/5XQ==\n",
                "username": "azureuser"
              }
            ],
            "admin_username": "azureuser",
            "allow_extension_operations": true,
            "availability_set_id": "",
            "boot_diagnostics": [
              {
                "storage_account_uri": "https://diag77ec3ca5e2c7c951.blob.core.windows.net/"
              }
            ],
            "computer_name": "myvm",
            "custom_data": null,
            "dedicated_host_id": "",
            "disable_password_authentication": true,
            "encryption_at_host_enabled": false,
            "eviction_policy": "",
            "extensions_time_budget": "PT1H30M",
            "id": "/subscriptions/d37c8b8a-f3ac-45c2-aa28-36aa9a1cf983/resourceGroups/myResourceGroup/providers/Microsoft.Compute/virtualMachines/myVM",
            "identity": [],
            "license_type": "",
            "location": "francecentral",
            "max_bid_price": -1,
            "name": "myVM",
            "network_interface_ids": [
              "/subscriptions/d37c8b8a-f3ac-45c2-aa28-36aa9a1cf983/resourceGroups/myResourceGroup/providers/Microsoft.Network/networkInterfaces/myNIC"
            ],
            "os_disk": [
              {
                "caching": "ReadWrite",
                "diff_disk_settings": [],
                "disk_encryption_set_id": "",
                "disk_size_gb": 30,
                "name": "myOsDisk",
                "storage_account_type": "Premium_LRS",
                "write_accelerator_enabled": false
              }
            ],
            "plan": [],
            "platform_fault_domain": -1,
            "priority": "Regular",
            "private_ip_address": "10.0.1.4",
            "private_ip_addresses": [
              "10.0.1.4"
            ],
            "provision_vm_agent": true,
            "proximity_placement_group_id": "",
            "public_ip_address": "20.188.34.38",
            "public_ip_addresses": [
              "20.188.34.38"
            ],
            "resource_group_name": "myResourceGroup",
            "secret": [],
            "size": "Standard_DS1_v2",
            "source_image_id": "",
            "source_image_reference": [
              {
                "offer": "UbuntuServer",
                "publisher": "Canonical",
                "sku": "18.04-LTS",
                "version": "latest"
              }
            ],
            "tags": {
              "environment": "Terraform Demo"
            },
            "timeouts": null,
            "virtual_machine_id": "446f73c5-5683-4202-9219-e09d1f4935a1",
            "virtual_machine_scale_set_id": "",
            "zone": ""
          },
          "sensitive_attributes": [],
          "private": "eyJlMmJmYjczMC1lY2FhLTExZTYtOGY4OC0zNDM2M2JjN2M0YzAiOnsiY3JlYXRlIjoyNzAwMDAwMDAwMDAwLCJkZWxldGUiOjI3MDAwMDAwMDAwMDAsInJlYWQiOjMwMDAwMDAwMDAwMCwidXBkYXRlIjoyNzAwMDAwMDAwMDAwfX0=",
          "dependencies": [
            "azurerm_network_interface.myterraformnic",
            "azurerm_public_ip.myterraformpublicip",
            "azurerm_resource_group.myterraformgroup",
            "azurerm_storage_account.mystorageaccount",
            "azurerm_subnet.myterraformsubnet",
            "azurerm_virtual_network.myterraformnetwork",
            "random_id.randomId",
            "tls_private_key.example_ssh"
          ]
        }
      ]
    },
    {
      "mode": "managed",
      "type": "azurerm_network_interface",
      "name": "myterraformnic",
      "provider": "provider[\"registry.terraform.io/hashicorp/azurerm\"]",
      "instances": [
        {
          "schema_version": 0,
          "attributes": {
            "applied_dns_servers": [],
            "dns_servers": [],
            "enable_accelerated_networking": false,
            "enable_ip_forwarding": false,
            "id": "/subscriptions/d37c8b8a-f3ac-45c2-aa28-36aa9a1cf983/resourceGroups/myResourceGroup/providers/Microsoft.Network/networkInterfaces/myNIC",
            "internal_dns_name_label": "",
            "internal_domain_name_suffix": "ephetfi5ttuuhowans3v02gfre.parx.internal.cloudapp.net",
            "ip_configuration": [
              {
                "name": "myNicConfiguration",
                "primary": true,
                "private_ip_address": "10.0.1.4",
                "private_ip_address_allocation": "Dynamic",
                "private_ip_address_version": "IPv4",
                "public_ip_address_id": "/subscriptions/d37c8b8a-f3ac-45c2-aa28-36aa9a1cf983/resourceGroups/myResourceGroup/providers/Microsoft.Network/publicIPAddresses/myPublicIP",
                "subnet_id": "/subscriptions/d37c8b8a-f3ac-45c2-aa28-36aa9a1cf983/resourceGroups/myResourceGroup/providers/Microsoft.Network/virtualNetworks/myVnet/subnets/mySubnet"
              }
            ],
            "location": "francecentral",
            "mac_address": "",
            "name": "myNIC",
            "private_ip_address": "10.0.1.4",
            "private_ip_addresses": [
              "10.0.1.4"
            ],
            "resource_group_name": "myResourceGroup",
            "tags": {
              "environment": "Terraform Demo"
            },
            "timeouts": null,
            "virtual_machine_id": ""
          },
          "sensitive_attributes": [],
          "private": "eyJlMmJmYjczMC1lY2FhLTExZTYtOGY4OC0zNDM2M2JjN2M0YzAiOnsiY3JlYXRlIjoxODAwMDAwMDAwMDAwLCJkZWxldGUiOjE4MDAwMDAwMDAwMDAsInJlYWQiOjMwMDAwMDAwMDAwMCwidXBkYXRlIjoxODAwMDAwMDAwMDAwfX0=",
          "dependencies": [
            "azurerm_public_ip.myterraformpublicip",
            "azurerm_resource_group.myterraformgroup",
            "azurerm_subnet.myterraformsubnet",
            "azurerm_virtual_network.myterraformnetwork"
          ]
        }
      ]
    },
    {
      "mode": "managed",
      "type": "azurerm_network_interface_security_group_association",
      "name": "example",
      "provider": "provider[\"registry.terraform.io/hashicorp/azurerm\"]",
      "instances": [
        {
          "schema_version": 0,
          "attributes": {
            "id": "/subscriptions/d37c8b8a-f3ac-45c2-aa28-36aa9a1cf983/resourceGroups/myResourceGroup/providers/Microsoft.Network/networkInterfaces/myNIC|/subscriptions/d37c8b8a-f3ac-45c2-aa28-36aa9a1cf983/resourceGroups/myResourceGroup/providers/Microsoft.Network/networkSecurityGroups/myNetworkSecurityGroup",
            "network_interface_id": "/subscriptions/d37c8b8a-f3ac-45c2-aa28-36aa9a1cf983/resourceGroups/myResourceGroup/providers/Microsoft.Network/networkInterfaces/myNIC",
            "network_security_group_id": "/subscriptions/d37c8b8a-f3ac-45c2-aa28-36aa9a1cf983/resourceGroups/myResourceGroup/providers/Microsoft.Network/networkSecurityGroups/myNetworkSecurityGroup",
            "timeouts": null
          },
          "sensitive_attributes": [],
          "private": "eyJlMmJmYjczMC1lY2FhLTExZTYtOGY4OC0zNDM2M2JjN2M0YzAiOnsiY3JlYXRlIjoxODAwMDAwMDAwMDAwLCJkZWxldGUiOjE4MDAwMDAwMDAwMDAsInJlYWQiOjMwMDAwMDAwMDAwMCwidXBkYXRlIjoxODAwMDAwMDAwMDAwfX0=",
          "dependencies": [
            "azurerm_network_interface.myterraformnic",
            "azurerm_network_security_group.myterraformnsg",
            "azurerm_public_ip.myterraformpublicip",
            "azurerm_resource_group.myterraformgroup",
            "azurerm_subnet.myterraformsubnet",
            "azurerm_virtual_network.myterraformnetwork"
          ]
        }
      ]
    },
    {
      "mode": "managed",
      "type": "azurerm_network_security_group",
      "name": "myterraformnsg",
      "provider": "provider[\"registry.terraform.io/hashicorp/azurerm\"]",
      "instances": [
        {
          "schema_version": 0,
          "attributes": {
            "id": "/subscriptions/d37c8b8a-f3ac-45c2-aa28-36aa9a1cf983/resourceGroups/myResourceGroup/providers/Microsoft.Network/networkSecurityGroups/myNetworkSecurityGroup",
            "location": "francecentral",
            "name": "myNetworkSecurityGroup",
            "resource_group_name": "myResourceGroup",
            "security_rule": [
              {
                "access": "Allow",
                "description": "",
                "destination_address_prefix": "*",
                "destination_address_prefixes": [],
                "destination_application_security_group_ids": [],
                "destination_port_range": "22",
                "destination_port_ranges": [],
                "direction": "Inbound",
                "name": "SSH",
                "priority": 1001,
                "protocol": "Tcp",
                "source_address_prefix": "*",
                "source_address_prefixes": [],
                "source_application_security_group_ids": [],
                "source_port_range": "*",
                "source_port_ranges": []
              }
            ],
            "tags": {
              "environment": "Terraform Demo"
            },
            "timeouts": null
          },
          "sensitive_attributes": [],
          "private": "eyJlMmJmYjczMC1lY2FhLTExZTYtOGY4OC0zNDM2M2JjN2M0YzAiOnsiY3JlYXRlIjoxODAwMDAwMDAwMDAwLCJkZWxldGUiOjE4MDAwMDAwMDAwMDAsInJlYWQiOjMwMDAwMDAwMDAwMCwidXBkYXRlIjoxODAwMDAwMDAwMDAwfX0=",
          "dependencies": [
            "azurerm_resource_group.myterraformgroup"
          ]
        }
      ]
    },
    {
      "mode": "managed",
      "type": "azurerm_public_ip",
      "name": "myterraformpublicip",
      "provider": "provider[\"registry.terraform.io/hashicorp/azurerm\"]",
      "instances": [
        {
          "schema_version": 0,
          "attributes": {
            "allocation_method": "Dynamic",
            "domain_name_label": null,
            "fqdn": null,
            "id": "/subscriptions/d37c8b8a-f3ac-45c2-aa28-36aa9a1cf983/resourceGroups/myResourceGroup/providers/Microsoft.Network/publicIPAddresses/myPublicIP",
            "idle_timeout_in_minutes": 4,
            "ip_address": "",
            "ip_version": "IPv4",
            "location": "francecentral",
            "name": "myPublicIP",
            "public_ip_prefix_id": null,
            "resource_group_name": "myResourceGroup",
            "reverse_fqdn": null,
            "sku": "Basic",
            "tags": {
              "environment": "Terraform Demo"
            },
            "timeouts": null,
            "zones": null
          },
          "sensitive_attributes": [],
          "private": "eyJlMmJmYjczMC1lY2FhLTExZTYtOGY4OC0zNDM2M2JjN2M0YzAiOnsiY3JlYXRlIjoxODAwMDAwMDAwMDAwLCJkZWxldGUiOjE4MDAwMDAwMDAwMDAsInJlYWQiOjMwMDAwMDAwMDAwMCwidXBkYXRlIjoxODAwMDAwMDAwMDAwfX0=",
          "dependencies": [
            "azurerm_resource_group.myterraformgroup"
          ]
        }
      ]
    },
    {
      "mode": "managed",
      "type": "azurerm_resource_group",
      "name": "myterraformgroup",
      "provider": "provider[\"registry.terraform.io/hashicorp/azurerm\"]",
      "instances": [
        {
          "schema_version": 0,
          "attributes": {
            "id": "/subscriptions/d37c8b8a-f3ac-45c2-aa28-36aa9a1cf983/resourceGroups/myResourceGroup",
            "location": "francecentral",
            "name": "myResourceGroup",
            "tags": {
              "environment": "Terraform Demo"
            },
            "timeouts": null
          },
          "sensitive_attributes": [],
          "private": "eyJlMmJmYjczMC1lY2FhLTExZTYtOGY4OC0zNDM2M2JjN2M0YzAiOnsiY3JlYXRlIjo1NDAwMDAwMDAwMDAwLCJkZWxldGUiOjU0MDAwMDAwMDAwMDAsInJlYWQiOjMwMDAwMDAwMDAwMCwidXBkYXRlIjo1NDAwMDAwMDAwMDAwfX0="
        }
      ]
    },
    {
      "mode": "managed",
      "type": "azurerm_storage_account",
      "name": "mystorageaccount",
      "provider": "provider[\"registry.terraform.io/hashicorp/azurerm\"]",
      "instances": [
        {
          "schema_version": 2,
          "attributes": {
            "access_tier": "Hot",
            "account_kind": "StorageV2",
            "account_replication_type": "LRS",
            "account_tier": "Standard",
            "allow_blob_public_access": false,
            "blob_properties": [],
            "custom_domain": [],
            "enable_https_traffic_only": true,
            "id": "/subscriptions/d37c8b8a-f3ac-45c2-aa28-36aa9a1cf983/resourceGroups/myResourceGroup/providers/Microsoft.Storage/storageAccounts/diag77ec3ca5e2c7c951",
            "identity": [],
            "is_hns_enabled": false,
            "large_file_share_enabled": null,
            "location": "francecentral",
            "min_tls_version": "TLS1_0",
            "name": "diag77ec3ca5e2c7c951",
            "network_rules": [
              {
                "bypass": [
                  "AzureServices"
                ],
                "default_action": "Allow",
                "ip_rules": [],
                "virtual_network_subnet_ids": []
              }
            ],
            "primary_access_key": "yCPqPC+EtsgNfUn8YpbTZZLHg3qj1M96yDeXbsqTNvDTDL9hxcxXgw8uBcDNwW5A8GdxIXRkM6YApDCqftVdxA==",
            "primary_blob_connection_string": "DefaultEndpointsProtocol=https;BlobEndpoint=https://diag77ec3ca5e2c7c951.blob.core.windows.net/;AccountName=diag77ec3ca5e2c7c951;AccountKey=yCPqPC+EtsgNfUn8YpbTZZLHg3qj1M96yDeXbsqTNvDTDL9hxcxXgw8uBcDNwW5A8GdxIXRkM6YApDCqftVdxA==",
            "primary_blob_endpoint": "https://diag77ec3ca5e2c7c951.blob.core.windows.net/",
            "primary_blob_host": "diag77ec3ca5e2c7c951.blob.core.windows.net",
            "primary_connection_string": "DefaultEndpointsProtocol=https;AccountName=diag77ec3ca5e2c7c951;AccountKey=yCPqPC+EtsgNfUn8YpbTZZLHg3qj1M96yDeXbsqTNvDTDL9hxcxXgw8uBcDNwW5A8GdxIXRkM6YApDCqftVdxA==;EndpointSuffix=core.windows.net",
            "primary_dfs_endpoint": "https://diag77ec3ca5e2c7c951.dfs.core.windows.net/",
            "primary_dfs_host": "diag77ec3ca5e2c7c951.dfs.core.windows.net",
            "primary_file_endpoint": "https://diag77ec3ca5e2c7c951.file.core.windows.net/",
            "primary_file_host": "diag77ec3ca5e2c7c951.file.core.windows.net",
            "primary_location": "francecentral",
            "primary_queue_endpoint": "https://diag77ec3ca5e2c7c951.queue.core.windows.net/",
            "primary_queue_host": "diag77ec3ca5e2c7c951.queue.core.windows.net",
            "primary_table_endpoint": "https://diag77ec3ca5e2c7c951.table.core.windows.net/",
            "primary_table_host": "diag77ec3ca5e2c7c951.table.core.windows.net",
            "primary_web_endpoint": "https://diag77ec3ca5e2c7c951.z28.web.core.windows.net/",
            "primary_web_host": "diag77ec3ca5e2c7c951.z28.web.core.windows.net",
            "queue_properties": [
              {
                "cors_rule": [],
                "hour_metrics": [
                  {
                    "enabled": true,
                    "include_apis": true,
                    "retention_policy_days": 7,
                    "version": "1.0"
                  }
                ],
                "logging": [
                  {
                    "delete": false,
                    "read": false,
                    "retention_policy_days": 0,
                    "version": "1.0",
                    "write": false
                  }
                ],
                "minute_metrics": [
                  {
                    "enabled": false,
                    "include_apis": false,
                    "retention_policy_days": 0,
                    "version": "1.0"
                  }
                ]
              }
            ],
            "resource_group_name": "myResourceGroup",
            "secondary_access_key": "nLr7luTUYyX4BUZv3pkuzeJIAFr86TOmQeK7MuyRImfJAYwE5YfB2+YHLa315+rIlkSLd6cieZ3rXNNxKdOGkg==",
            "secondary_blob_connection_string": "",
            "secondary_blob_endpoint": null,
            "secondary_blob_host": null,
            "secondary_connection_string": "DefaultEndpointsProtocol=https;AccountName=diag77ec3ca5e2c7c951;AccountKey=nLr7luTUYyX4BUZv3pkuzeJIAFr86TOmQeK7MuyRImfJAYwE5YfB2+YHLa315+rIlkSLd6cieZ3rXNNxKdOGkg==;EndpointSuffix=core.windows.net",
            "secondary_dfs_endpoint": null,
            "secondary_dfs_host": null,
            "secondary_file_endpoint": null,
            "secondary_file_host": null,
            "secondary_location": "",
            "secondary_queue_endpoint": null,
            "secondary_queue_host": null,
            "secondary_table_endpoint": null,
            "secondary_table_host": null,
            "secondary_web_endpoint": null,
            "secondary_web_host": null,
            "static_website": [],
            "tags": {
              "environment": "Terraform Demo"
            },
            "timeouts": null
          },
          "sensitive_attributes": [],
          "private": "eyJlMmJmYjczMC1lY2FhLTExZTYtOGY4OC0zNDM2M2JjN2M0YzAiOnsiY3JlYXRlIjozNjAwMDAwMDAwMDAwLCJkZWxldGUiOjM2MDAwMDAwMDAwMDAsInJlYWQiOjMwMDAwMDAwMDAwMCwidXBkYXRlIjozNjAwMDAwMDAwMDAwfSwic2NoZW1hX3ZlcnNpb24iOiIyIn0=",
          "dependencies": [
            "azurerm_resource_group.myterraformgroup",
            "random_id.randomId"
          ]
        }
      ]
    },
    {
      "mode": "managed",
      "type": "azurerm_subnet",
      "name": "myterraformsubnet",
      "provider": "provider[\"registry.terraform.io/hashicorp/azurerm\"]",
      "instances": [
        {
          "schema_version": 0,
          "attributes": {
            "address_prefix": "10.0.1.0/24",
            "address_prefixes": [
              "10.0.1.0/24"
            ],
            "delegation": [],
            "enforce_private_link_endpoint_network_policies": false,
            "enforce_private_link_service_network_policies": false,
            "id": "/subscriptions/d37c8b8a-f3ac-45c2-aa28-36aa9a1cf983/resourceGroups/myResourceGroup/providers/Microsoft.Network/virtualNetworks/myVnet/subnets/mySubnet",
            "name": "mySubnet",
            "resource_group_name": "myResourceGroup",
            "service_endpoint_policy_ids": null,
            "service_endpoints": null,
            "timeouts": null,
            "virtual_network_name": "myVnet"
          },
          "sensitive_attributes": [],
          "private": "eyJlMmJmYjczMC1lY2FhLTExZTYtOGY4OC0zNDM2M2JjN2M0YzAiOnsiY3JlYXRlIjoxODAwMDAwMDAwMDAwLCJkZWxldGUiOjE4MDAwMDAwMDAwMDAsInJlYWQiOjMwMDAwMDAwMDAwMCwidXBkYXRlIjoxODAwMDAwMDAwMDAwfX0=",
          "dependencies": [
            "azurerm_resource_group.myterraformgroup",
            "azurerm_virtual_network.myterraformnetwork"
          ]
        }
      ]
    },
    {
      "mode": "managed",
      "type": "azurerm_virtual_network",
      "name": "myterraformnetwork",
      "provider": "provider[\"registry.terraform.io/hashicorp/azurerm\"]",
      "instances": [
        {
          "schema_version": 0,
          "attributes": {
            "address_space": [
              "10.0.0.0/16"
            ],
            "bgp_community": "",
            "ddos_protection_plan": [],
            "dns_servers": null,
            "guid": "9549ce23-9c1f-43e9-bac0-6cbb5d70c58c",
            "id": "/subscriptions/d37c8b8a-f3ac-45c2-aa28-36aa9a1cf983/resourceGroups/myResourceGroup/providers/Microsoft.Network/virtualNetworks/myVnet",
            "location": "francecentral",
            "name": "myVnet",
            "resource_group_name": "myResourceGroup",
            "subnet": [],
            "tags": {
              "environment": "Terraform Demo"
            },
            "timeouts": null,
            "vm_protection_enabled": false
          },
          "sensitive_attributes": [],
          "private": "eyJlMmJmYjczMC1lY2FhLTExZTYtOGY4OC0zNDM2M2JjN2M0YzAiOnsiY3JlYXRlIjoxODAwMDAwMDAwMDAwLCJkZWxldGUiOjE4MDAwMDAwMDAwMDAsInJlYWQiOjMwMDAwMDAwMDAwMCwidXBkYXRlIjoxODAwMDAwMDAwMDAwfX0=",
          "dependencies": [
            "azurerm_resource_group.myterraformgroup"
          ]
        }
      ]
    },
    {
      "mode": "managed",
      "type": "random_id",
      "name": "randomId",
      "provider": "provider[\"registry.terraform.io/hashicorp/random\"]",
      "instances": [
        {
          "schema_version": 0,
          "attributes": {
            "b64_std": "d+w8peLHyVE=",
            "b64_url": "d-w8peLHyVE",
            "byte_length": 8,
            "dec": "8641348468189153617",
            "hex": "77ec3ca5e2c7c951",
            "id": "d-w8peLHyVE",
            "keepers": {
              "resource_group": "myResourceGroup"
            },
            "prefix": null
          },
          "sensitive_attributes": [],
          "private": "bnVsbA==",
          "dependencies": [
            "azurerm_resource_group.myterraformgroup"
          ]
        }
      ]
    },
    {
      "mode": "managed",
      "type": "tls_private_key",
      "name": "example_ssh",
      "provider": "provider[\"registry.terraform.io/hashicorp/tls\"]",
      "instances": [
        {
          "schema_version": 0,
          "attributes": {
            "algorithm": "RSA",
            "ecdsa_curve": "P224",
            "id": "bd84040b8b23e9f28a1f983de1aed15d0fd1dc85",
            "private_key_pem": "-----BEGIN RSA PRIVATE KEY-----\nMIIJKAIBAAKCAgEAvkYLX0mWCbAj0nDp9tVbvS3Fj7Fv5N8aFE+Le8HVshgBxZKU\n51JK7Fd9tZS3BqNQhw1LIUMOcdw0AJyMy3vTpALzgpV8OAhkKYcR84sXF0wqRCjH\nPurm45ehWHniriZu4pibBiRKIDXNH+fQPY3nVjCoflKT/gvuvHIwifKdMYtYb6bu\nzp105uccRMtyHC7CFWSTl5wLtxlWmFzLrffesP8l3xHeibLO8umeHPlMOObNDcIF\nye4GZ5o07exAmz34BlX5i+X4gTdR8GWMj+HPnGClph1BjIl9dLhq9SCj1J6DlRF6\nikMezBWUv9TjKjPsPETCNk3Jap+yX8TDqX2seS2p6p5gUQS7Eu1Z2FqzTAsAkjtM\nyNzFkDw1swoYKWm+uECzrndzi1s8bKmk1k39aTcDRAdSwXyU2ovNzW9Jp+XWrGCv\nBr2m2pmwdDMV6CZl7FJ4rGws1PhiOEwULHvls/r3vDyTkrfwdEKjdBYSTEvgVb2D\na0FoN5EV6DWQtDtPtbWVSgsYg80ZfCiX6SlJ58HvQX7UyvYka4sVS53LF42bQcXU\nHod+IjTPpkVMOFGOvlH21b8W95R8qklsfsT4GHSVZJfPnyV9MSEEtjRyA1A1tCoc\nIgXuO+ZaTi3LeamVcZfsYhzF6k2ZRw1q7hObMc5q/Pn/Xb/G47moWdUf+V0CAwEA\nAQKCAgB0f3JrDyT8HYpxSI0Xgh6/P40co6k82pSfJuziAxYSCrza+RqOX0ZcWl0v\nljRRriCZ77u2S9ZGRGrajP9vfwtf+iaaJ2h87jZVbsvA78Jdk1a1kLodfbmMU8SH\n5Wiy8/kkaAdSxVlVS1uiU06ewYmIrhYb8feGrkunucqaS5+PPCATjIPeoW14Cry2\nKlJdiwtuCbyMMRDDNJJei0Jx67e/axkG8WvtpzsqY3tZhhHzLO0TpV3h+wiU2kfZ\n/LK52kFHr9Awpcd3ZiWXKLXdSobQ2iPSB0ug/nV/x4JFP4zPm5Y46RC8IshycCw5\nH+FOb6gOZpL6qLnPvKN8G38pATddk/usJUBV+1SKCZrjypB9v0q1Kwm7V5VCbGWe\nqqdovGtXQlTqNcS/9GfwBUkUM5g2WL6j0jpheRA5X2JYsHdF6RGrHl0xi2hRNU3F\nUnaEh1KuUXsuMeGgJABey4YSvb50638f5urUjxL6oIE+yzBZpF08rbnXwdwo0YiB\nAitRkW29qNqD0u911gUwYm9rFWPvMS11iUWPkw3ED+rlosP+WivrqpfrkqJYgUf5\nN0fPPSlzwCTT74TYWEnIAbPU0Kr72R3esbv3hYlJoY8jkkW1IVHC8xwXQ+OQ9+qQ\nRP2jTquWjZXjQ0CWBIYcG42yyK8bn+Fxllwta/1PmY/eUocLAQKCAQEA5D8/dE3f\nAtbTWctOSqvV5ZwTFLGlWNUZLHNcQy+PwV78kIXZmWmNXZ7DSMJEusWcJz26raJ/\nRo6z+hSk/PX8D4XpoHFAmPgEQwqBPYp0HOrKXAfQEuHEKCzEDqv3wOsN5uHeqxvW\n13teEJRaK/zi+v3bdM59/64NAbkukQyEXVLS8YSPsV4a7S4WQz0ogccWFUvLraE2\nLuhnfg2QJlsZ757FBM1bQc58/0wHkmm4dEy42U35Oc6aHkJ1DmI4se45n/3YNa+h\nkvWlqeLGrL1nF1jcrB2jRDKC1AuJy/iQdus5t4zAmTyA9oSsLFWvq50Z3otnQ/Y3\ng+MCPqcbbYTlfQKCAQEA1WjHgr/oNB+mNyGwcpWG9wH88EgiPmhEUWh3AarB4LH8\nI9u7QQlHhKDI+giyvwuWst+6knfmhcmaQ9BNxs9McVMEnepZ2NOoe22zKJxKNh6t\nad6IiR49hqu4OYxNQYLHZQVE0gCMQf8MMfUtgrwTHnCGpGHz+6nkpqc2pWuTMo0t\n9KQMX8FfISdkXfyqMSG9HHlcbusgJlMhJTDvwiYD1IHXUeDddu0+D6caDXXIWLel\n8PST3TSdIEOFTTyVFHTIFD1c/vOXVMrYZs7PomQPt6NvBaZV0sz0uhbgw0VnHBZM\nfSNCRHDDolzPB9x8apvnooRA5dxqNFGkrKgawFQpYQKCAQEAtHpihWdxuL//fNgq\nfxbi2l0QJWPWt6hA8IoDYUjBZgjisrB0AD+bPXTlO6oJSJoqwEiqTNPZygPawhsC\n3tbuyaN8uZXzm0E5tX0f9nZ9G8R34E95MwT74zyKhoNqM0xpwK/HLwujVN3C4l87\n8d5T6F1E41bIAJ0ywbMY5C6+l0B/deP47ynXJsYzalV4qy2uA4bcdd2sh2jTNLQq\n0Hlmx7eGWCa9SwqoggIvVpFr/eIQpBtov1HjQZwRDR+TbvZM8Hp7NPA8VYURyoR7\nzmkxlB961knVKH68PkklW3ifWrji+YU9Ya2a19LOhXv3nT5rDzKxo+aTvSCKTNo7\n8NyNzQKCAQBTz6Sa+tcssUlL2ZU8SvEITOWTUCDytWwvNIGYTAF8RyoowwDVV9mY\ngrSrTYM1eE2kziytnR0Rac2F2GbTL1JsJxhnFERY3TcL0ldMGaUjgATG0Th58UBk\nhUgCgdFNaxj32YvflYt/17RoYkuPTmGL0NFv+XAiY+SCdqUFbiwO7Fch/tNFP+Im\nWRwXtUT5qrBkYF0mynyD0J3xxzhB3UAf0yZG57LSI/X9m7illJ4sCWPIL6VqeGFE\n7H+Lh8FcmUiCel7tWakTCd7W8V2l/voVOsA9Tcfi089Azf9TcQw/gZpkgtZhno+W\nUjCUe8j47WWY86uxGlEzXuT3UcW/xs3BAoIBAHIyOQ3WejII0sAIfvB3UQ5vx628\n8pokSYy/JvmglApIcEUP1eD1GjSXObUXnE92Rdtwki2pvFUVGmxXjkpMEZ7/Awzk\nNwt9je+NlCu9r8v+tuZ0axvqXOWCWxxTKhyIcag6q194mUpiIjFrUAZ7bxQ633ac\nK9fouuAEeOoZ3pasNeLRmhrU9S+DOeZmTTCsNQm1RQ5f9SWHuJ7/8SqlA1jG/8YT\nycf+nS0FO17hY+5i4YFIjlGgE5HBxmwhNaad4B1sEJ6TFdTnbWQPVhcAxH9MZnQb\nBQ8I3Eido2fderK/IbjdaXZ6SrzJLiQqT2ew58/GdtNNjs9n++cj2CM4PNg=\n-----END RSA PRIVATE KEY-----\n",
            "public_key_fingerprint_md5": "f6:30:c0:58:dc:84:6b:c9:3e:15:b9:fe:2f:49:2a:cd",
            "public_key_openssh": "ssh-rsa AAAAB3NzaC1yc2EAAAADAQABAAACAQC+RgtfSZYJsCPScOn21Vu9LcWPsW/k3xoUT4t7wdWyGAHFkpTnUkrsV321lLcGo1CHDUshQw5x3DQAnIzLe9OkAvOClXw4CGQphxHzixcXTCpEKMc+6ubjl6FYeeKuJm7imJsGJEogNc0f59A9jedWMKh+UpP+C+68cjCJ8p0xi1hvpu7OnXTm5xxEy3IcLsIVZJOXnAu3GVaYXMut996w/yXfEd6Jss7y6Z4c+Uw45s0NwgXJ7gZnmjTt7ECbPfgGVfmL5fiBN1HwZYyP4c+cYKWmHUGMiX10uGr1IKPUnoOVEXqKQx7MFZS/1OMqM+w8RMI2Tclqn7JfxMOpfax5LanqnmBRBLsS7VnYWrNMCwCSO0zI3MWQPDWzChgpab64QLOud3OLWzxsqaTWTf1pNwNEB1LBfJTai83Nb0mn5dasYK8GvabambB0MxXoJmXsUnisbCzU+GI4TBQse+Wz+ve8PJOSt/B0QqN0FhJMS+BVvYNrQWg3kRXoNZC0O0+1tZVKCxiDzRl8KJfpKUnnwe9BftTK9iRrixVLncsXjZtBxdQeh34iNM+mRUw4UY6+UfbVvxb3lHyqSWx+xPgYdJVkl8+fJX0xIQS2NHIDUDW0KhwiBe475lpOLct5qZVxl+xiHMXqTZlHDWruE5sxzmr8+f9dv8bjuahZ1R/5XQ==\n",
            "public_key_pem": "-----BEGIN PUBLIC KEY-----\nMIICIjANBgkqhkiG9w0BAQEFAAOCAg8AMIICCgKCAgEAvkYLX0mWCbAj0nDp9tVb\nvS3Fj7Fv5N8aFE+Le8HVshgBxZKU51JK7Fd9tZS3BqNQhw1LIUMOcdw0AJyMy3vT\npALzgpV8OAhkKYcR84sXF0wqRCjHPurm45ehWHniriZu4pibBiRKIDXNH+fQPY3n\nVjCoflKT/gvuvHIwifKdMYtYb6buzp105uccRMtyHC7CFWSTl5wLtxlWmFzLrffe\nsP8l3xHeibLO8umeHPlMOObNDcIFye4GZ5o07exAmz34BlX5i+X4gTdR8GWMj+HP\nnGClph1BjIl9dLhq9SCj1J6DlRF6ikMezBWUv9TjKjPsPETCNk3Jap+yX8TDqX2s\neS2p6p5gUQS7Eu1Z2FqzTAsAkjtMyNzFkDw1swoYKWm+uECzrndzi1s8bKmk1k39\naTcDRAdSwXyU2ovNzW9Jp+XWrGCvBr2m2pmwdDMV6CZl7FJ4rGws1PhiOEwULHvl\ns/r3vDyTkrfwdEKjdBYSTEvgVb2Da0FoN5EV6DWQtDtPtbWVSgsYg80ZfCiX6SlJ\n58HvQX7UyvYka4sVS53LF42bQcXUHod+IjTPpkVMOFGOvlH21b8W95R8qklsfsT4\nGHSVZJfPnyV9MSEEtjRyA1A1tCocIgXuO+ZaTi3LeamVcZfsYhzF6k2ZRw1q7hOb\nMc5q/Pn/Xb/G47moWdUf+V0CAwEAAQ==\n-----END PUBLIC KEY-----\n",
            "rsa_bits": 4096
          },
          "sensitive_attributes": [],
          "private": "bnVsbA=="
        }
      ]
    }
  ]
}
